
Microsoft Visual Studio Solution File, Format Version 12.00
Project("{FAE04EC0-301F-11D3-BF4B-00C04F79EFBC}") = "Uis.Api", "Uis.Api\Uis.Api.csproj", "{34C185FA-FC24-4250-A5BF-58CB062AA099}"
EndProject
Project("{FAE04EC0-301F-11D3-BF4B-00C04F79EFBC}") = "Uis.Domain", "Uis.Domain\Uis.Domain.csproj", "{5A8BBCEF-8EA0-44CA-85C1-37B7905B08F2}"
EndProject
Project("{FAE04EC0-301F-11D3-BF4B-00C04F79EFBC}") = "Uis.Infrastructure", "Uis.Infrastructure\Uis.Infrastructure.csproj", "{5C5B4CE0-C583-45DE-93F7-F6215602DDCD}"
EndProject
Project("{FAE04EC0-301F-11D3-BF4B-00C04F79EFBC}") = "Uis.Common", "Uis.Common\Uis.Common.csproj", "{403935E6-0030-4413-BBD5-4594C8EBEF98}"
EndProject
Project("{FAE04EC0-301F-11D3-BF4B-00C04F79EFBC}") = "Uis.Application", "Uis.Application\Uis.Application.csproj", "{41D2FB8B-A381-4D9D-BDD8-014D6CC4543E}"
EndProject
Global
	GlobalSection(SolutionConfigurationPlatforms) = preSolution
		Debug|Any CPU = Debug|Any CPU
		Release|Any CPU = Release|Any CPU
	EndGlobalSection
	GlobalSection(ProjectConfigurationPlatforms) = postSolution
		{34C185FA-FC24-4250-A5BF-58CB062AA099}.Debug|Any CPU.ActiveCfg = Debug|Any CPU
		{34C185FA-FC24-4250-A5BF-58CB062AA099}.Debug|Any CPU.Build.0 = Debug|Any CPU
		{34C185FA-FC24-4250-A5BF-58CB062AA099}.Release|Any CPU.ActiveCfg = Release|Any CPU
		{34C185FA-FC24-4250-A5BF-58CB062AA099}.Release|Any CPU.Build.0 = Release|Any CPU
		{5A8BBCEF-8EA0-44CA-85C1-37B7905B08F2}.Debug|Any CPU.ActiveCfg = Debug|Any CPU
		{5A8BBCEF-8EA0-44CA-85C1-37B7905B08F2}.Debug|Any CPU.Build.0 = Debug|Any CPU
		{5A8BBCEF-8EA0-44CA-85C1-37B7905B08F2}.Release|Any CPU.ActiveCfg = Release|Any CPU
		{5A8BBCEF-8EA0-44CA-85C1-37B7905B08F2}.Release|Any CPU.Build.0 = Release|Any CPU
		{5C5B4CE0-C583-45DE-93F7-F6215602DDCD}.Debug|Any CPU.ActiveCfg = Debug|Any CPU
		{5C5B4CE0-C583-45DE-93F7-F6215602DDCD}.Debug|Any CPU.Build.0 = Debug|Any CPU
		{5C5B4CE0-C583-45DE-93F7-F6215602DDCD}.Release|Any CPU.ActiveCfg = Release|Any CPU
		{5C5B4CE0-C583-45DE-93F7-F6215602DDCD}.Release|Any CPU.Build.0 = Release|Any CPU
		{403935E6-0030-4413-BBD5-4594C8EBEF98}.Debug|Any CPU.ActiveCfg = Debug|Any CPU
		{403935E6-0030-4413-BBD5-4594C8EBEF98}.Debug|Any CPU.Build.0 = Debug|Any CPU
		{403935E6-0030-4413-BBD5-4594C8EBEF98}.Release|Any CPU.ActiveCfg = Release|Any CPU
		{403935E6-0030-4413-BBD5-4594C8EBEF98}.Release|Any CPU.Build.0 = Release|Any CPU
		{41D2FB8B-A381-4D9D-BDD8-014D6CC4543E}.Debug|Any CPU.ActiveCfg = Debug|Any CPU
		{41D2FB8B-A381-4D9D-BDD8-014D6CC4543E}.Debug|Any CPU.Build.0 = Debug|Any CPU
		{41D2FB8B-A381-4D9D-BDD8-014D6CC4543E}.Release|Any CPU.ActiveCfg = Release|Any CPU
		{41D2FB8B-A381-4D9D-BDD8-014D6CC4543E}.Release|Any CPU.Build.0 = Release|Any CPU
	EndGlobalSection
EndGlobal
